
Microsoft Visual Studio Solution File, Format Version 12.00
# Visual Studio Version 16
VisualStudioVersion = 16.0.29025.244
MinimumVisualStudioVersion = 10.0.40219.1
Project("{FAE04EC0-301F-11D3-BF4B-00C04F79EFBC}") = "Playground", "Playground\Playground.csproj", "{3C8B63B9-704C-4023-BF8D-FCAE62A09DCA}"
EndProject
Global
	GlobalSection(SolutionConfigurationPlatforms) = preSolution
		Debug|Any CPU = Debug|Any CPU
		Release|Any CPU = Release|Any CPU
	EndGlobalSection
	GlobalSection(ProjectConfigurationPlatforms) = postSolution
		{3C8B63B9-704C-4023-BF8D-FCAE62A09DCA}.Debug|Any CPU.ActiveCfg = Debug|Any CPU
		{3C8B63B9-704C-4023-BF8D-FCAE62A09DCA}.Debug|Any CPU.Build.0 = Debug|Any CPU
		{3C8B63B9-704C-4023-BF8D-FCAE62A09DCA}.Release|Any CPU.ActiveCfg = Release|Any CPU
		{3C8B63B9-704C-4023-BF8D-FCAE62A09DCA}.Release|Any CPU.Build.0 = Release|Any CPU
	EndGlobalSection
	GlobalSection(SolutionProperties) = preSolution
		HideSolutionNode = FALSE
	EndGlobalSection
	GlobalSection(ExtensibilityGlobals) = postSolution
		SolutionGuid = {5725EF9A-DCF3-49C7-B575-A7F5494E3686}
	EndGlobalSection
EndGlobal
